// !$*UTF8*$!
{
	archiveVersion = 1;
	classes = {
	};
	objectVersion = 50;
	objects = {

/* Begin PBXBuildFile section */
		4108617B2571168400BFDA0B /* EjemplosSwiftUIApp.swift in Sources */ = {isa = PBXBuildFile; fileRef = 4108617A2571168400BFDA0B /* EjemplosSwiftUIApp.swift */; };
		4108617D2571168400BFDA0B /* ContentView.swift in Sources */ = {isa = PBXBuildFile; fileRef = 4108617C2571168400BFDA0B /* ContentView.swift */; };
		4108617F2571168400BFDA0B /* Assets.xcassets in Resources */ = {isa = PBXBuildFile; fileRef = 4108617E2571168400BFDA0B /* Assets.xcassets */; };
		410861822571168400BFDA0B /* Preview Assets.xcassets in Resources */ = {isa = PBXBuildFile; fileRef = 410861812571168400BFDA0B /* Preview Assets.xcassets */; };
		41086190257117EE00BFDA0B /* EjemploText.swift in Sources */ = {isa = PBXBuildFile; fileRef = 4108618F257117EE00BFDA0B /* EjemploText.swift */; };
		410861952571296000BFDA0B /* EjemploTextField.swift in Sources */ = {isa = PBXBuildFile; fileRef = 410861942571296000BFDA0B /* EjemploTextField.swift */; };
		410861982571349000BFDA0B /* EjemploImage.swift in Sources */ = {isa = PBXBuildFile; fileRef = 410861972571349000BFDA0B /* EjemploImage.swift */; };
		4108619B25713AF800BFDA0B /* EjemploButton.swift in Sources */ = {isa = PBXBuildFile; fileRef = 4108619A25713AF800BFDA0B /* EjemploButton.swift */; };
/* End PBXBuildFile section */

/* Begin PBXFileReference section */
		410861772571168400BFDA0B /* EjemplosSwiftUI.app */ = {isa = PBXFileReference; explicitFileType = wrapper.application; includeInIndex = 0; path = EjemplosSwiftUI.app; sourceTree = BUILT_PRODUCTS_DIR; };
		4108617A2571168400BFDA0B /* EjemplosSwiftUIApp.swift */ = {isa = PBXFileReference; lastKnownFileType = sourcecode.swift; path = EjemplosSwiftUIApp.swift; sourceTree = "<group>"; };
		4108617C2571168400BFDA0B /* ContentView.swift */ = {isa = PBXFileReference; lastKnownFileType = sourcecode.swift; path = ContentView.swift; sourceTree = "<group>"; };
		4108617E2571168400BFDA0B /* Assets.xcassets */ = {isa = PBXFileReference; lastKnownFileType = folder.assetcatalog; path = Assets.xcassets; sourceTree = "<group>"; };
		410861812571168400BFDA0B /* Preview Assets.xcassets */ = {isa = PBXFileReference; lastKnownFileType = folder.assetcatalog; path = "Preview Assets.xcassets"; sourceTree = "<group>"; };
		410861832571168400BFDA0B /* Info.plist */ = {isa = PBXFileReference; lastKnownFileType = text.plist.xml; path = Info.plist; sourceTree = "<group>"; };
		4108618F257117EE00BFDA0B /* EjemploText.swift */ = {isa = PBXFileReference; lastKnownFileType = sourcecode.swift; path = EjemploText.swift; sourceTree = "<group>"; };
		410861942571296000BFDA0B /* EjemploTextField.swift */ = {isa = PBXFileReference; lastKnownFileType = sourcecode.swift; path = EjemploTextField.swift; sourceTree = "<group>"; };
		410861972571349000BFDA0B /* EjemploImage.swift */ = {isa = PBXFileReference; lastKnownFileType = sourcecode.swift; path = EjemploImage.swift; sourceTree = "<group>"; };
		4108619A25713AF800BFDA0B /* EjemploButton.swift */ = {isa = PBXFileReference; lastKnownFileType = sourcecode.swift; path = EjemploButton.swift; sourceTree = "<group>"; };
/* End PBXFileReference section */

/* Begin PBXFrameworksBuildPhase section */
		410861742571168400BFDA0B /* Frameworks */ = {
			isa = PBXFrameworksBuildPhase;
			buildActionMask = 2147483647;
			files = (
			);
			runOnlyForDeploymentPostprocessing = 0;
		};
/* End PBXFrameworksBuildPhase section */

/* Begin PBXGroup section */
		4108616E2571168400BFDA0B = {
			isa = PBXGroup;
			children = (
				410861792571168400BFDA0B /* EjemplosSwiftUI */,
				410861782571168400BFDA0B /* Products */,
			);
			sourceTree = "<group>";
		};
		410861782571168400BFDA0B /* Products */ = {
			isa = PBXGroup;
			children = (
				410861772571168400BFDA0B /* EjemplosSwiftUI.app */,
			);
			name = Products;
			sourceTree = "<group>";
		};
		410861792571168400BFDA0B /* EjemplosSwiftUI */ = {
			isa = PBXGroup;
			children = (
				4108617A2571168400BFDA0B /* EjemplosSwiftUIApp.swift */,
				4108617C2571168400BFDA0B /* ContentView.swift */,
				41086192257120A500BFDA0B /* Ejemplos */,
				4108617E2571168400BFDA0B /* Assets.xcassets */,
				410861832571168400BFDA0B /* Info.plist */,
				410861802571168400BFDA0B /* Preview Content */,
			);
			path = EjemplosSwiftUI;
			sourceTree = "<group>";
		};
		410861802571168400BFDA0B /* Preview Content */ = {
			isa = PBXGroup;
			children = (
				410861812571168400BFDA0B /* Preview Assets.xcassets */,
			);
			path = "Preview Content";
			sourceTree = "<group>";
		};
		41086192257120A500BFDA0B /* Ejemplos */ = {
			isa = PBXGroup;
			children = (
				4108618F257117EE00BFDA0B /* EjemploText.swift */,
				410861942571296000BFDA0B /* EjemploTextField.swift */,
				410861972571349000BFDA0B /* EjemploImage.swift */,
				4108619A25713AF800BFDA0B /* EjemploButton.swift */,
			);
			path = Ejemplos;
			sourceTree = "<group>";
		};
/* End PBXGroup section */

/* Begin PBXNativeTarget section */
		410861762571168400BFDA0B /* EjemplosSwiftUI */ = {
			isa = PBXNativeTarget;
			buildConfigurationList = 410861862571168400BFDA0B /* Build configuration list for PBXNativeTarget "EjemplosSwiftUI" */;
			buildPhases = (
				410861732571168400BFDA0B /* Sources */,
				410861742571168400BFDA0B /* Frameworks */,
				410861752571168400BFDA0B /* Resources */,
			);
			buildRules = (
			);
			dependencies = (
			);
			name = EjemplosSwiftUI;
			productName = EjemplosSwiftUI;
			productReference = 410861772571168400BFDA0B /* EjemplosSwiftUI.app */;
			productType = "com.apple.product-type.application";
		};
/* End PBXNativeTarget section */

/* Begin PBXProject section */
		4108616F2571168400BFDA0B /* Project object */ = {
			isa = PBXProject;
			attributes = {
				LastSwiftUpdateCheck = 1220;
				LastUpgradeCheck = 1220;
				TargetAttributes = {
					410861762571168400BFDA0B = {
						CreatedOnToolsVersion = 12.2;
					};
				};
			};
			buildConfigurationList = 410861722571168400BFDA0B /* Build configuration list for PBXProject "EjemplosSwiftUI" */;
			compatibilityVersion = "Xcode 9.3";
			developmentRegion = en;
			hasScannedForEncodings = 0;
			knownRegions = (
				en,
				Base,
			);
			mainGroup = 4108616E2571168400BFDA0B;
			productRefGroup = 410861782571168400BFDA0B /* Products */;
			projectDirPath = "";
			projectRoot = "";
			targets = (
				410861762571168400BFDA0B /* EjemplosSwiftUI */,
			);
		};
/* End PBXProject section */

/* Begin PBXResourcesBuildPhase section */
		410861752571168400BFDA0B /* Resources */ = {
			isa = PBXResourcesBuildPhase;
			buildActionMask = 2147483647;
			files = (
				410861822571168400BFDA0B /* Preview Assets.xcassets in Resources */,
				4108617F2571168400BFDA0B /* Assets.xcassets in Resources */,
			);
			runOnlyForDeploymentPostprocessing = 0;
		};
/* End PBXResourcesBuildPhase section */

/* Begin PBXSourcesBuildPhase section */
		410861732571168400BFDA0B /* Sources */ = {
			isa = PBXSourcesBuildPhase;
			buildActionMask = 2147483647;
			files = (
				4108619B25713AF800BFDA0B /* EjemploButton.swift in Sources */,
				4108617D2571168400BFDA0B /* ContentView.swift in Sources */,
				41086190257117EE00BFDA0B /* EjemploText.swift in Sources */,
				410861952571296000BFDA0B /* EjemploTextField.swift in Sources */,
				4108617B2571168400BFDA0B /* EjemplosSwiftUIApp.swift in Sources */,
				410861982571349000BFDA0B /* EjemploImage.swift in Sources */,
			);
			runOnlyForDeploymentPostprocessing = 0;
		};
/* End PBXSourcesBuildPhase section */

/* Begin XCBuildConfiguration section */
		410861842571168400BFDA0B /* Debug */ = {
			isa = XCBuildConfiguration;
			buildSettings = {
				ALWAYS_SEARCH_USER_PATHS = NO;
				CLANG_ANALYZER_NONNULL = YES;
				CLANG_ANALYZER_NUMBER_OBJECT_CONVERSION = YES_AGGRESSIVE;
				CLANG_CXX_LANGUAGE_STANDARD = "gnu++14";
				CLANG_CXX_LIBRARY = "libc++";
				CLANG_ENABLE_MODULES = YES;
				CLANG_ENABLE_OBJC_ARC = YES;
				CLANG_ENABLE_OBJC_WEAK = YES;
				CLANG_WARN_BLOCK_CAPTURE_AUTORELEASING = YES;
				CLANG_WARN_BOOL_CONVERSION = YES;
				CLANG_WARN_COMMA = YES;
				CLANG_WARN_CONSTANT_CONVERSION = YES;
				CLANG_WARN_DEPRECATED_OBJC_IMPLEMENTATIONS = YES;
				CLANG_WARN_DIRECT_OBJC_ISA_USAGE = YES_ERROR;
				CLANG_WARN_DOCUMENTATION_COMMENTS = YES;
				CLANG_WARN_EMPTY_BODY = YES;
				CLANG_WARN_ENUM_CONVERSION = YES;
				CLANG_WARN_INFINITE_RECURSION = YES;
				CLANG_WARN_INT_CONVERSION = YES;
				CLANG_WARN_NON_LITERAL_NULL_CONVERSION = YES;
				CLANG_WARN_OBJC_IMPLICIT_RETAIN_SELF = YES;
				CLANG_WARN_OBJC_LITERAL_CONVERSION = YES;
				CLANG_WARN_OBJC_ROOT_CLASS = YES_ERROR;
				CLANG_WARN_QUOTED_INCLUDE_IN_FRAMEWORK_HEADER = YES;
				CLANG_WARN_RANGE_LOOP_ANALYSIS = YES;
				CLANG_WARN_STRICT_PROTOTYPES = YES;
				CLANG_WARN_SUSPICIOUS_MOVE = YES;
				CLANG_WARN_UNGUARDED_AVAILABILITY = YES_AGGRESSIVE;
				CLANG_WARN_UNREACHABLE_CODE = YES;
				CLANG_WARN__DUPLICATE_METHOD_MATCH = YES;
				COPY_PHASE_STRIP = NO;
				DEBUG_INFORMATION_FORMAT = dwarf;
				ENABLE_STRICT_OBJC_MSGSEND = YES;
				ENABLE_TESTABILITY = YES;
				GCC_C_LANGUAGE_STANDARD = gnu11;
				GCC_DYNAMIC_NO_PIC = NO;
				GCC_NO_COMMON_BLOCKS = YES;
				GCC_OPTIMIZATION_LEVEL = 0;
				GCC_PREPROCESSOR_DEFINITIONS = (
					"DEBUG=1",
					"$(inherited)",
				);
				GCC_WARN_64_TO_32_BIT_CONVERSION = YES;
				GCC_WARN_ABOUT_RETURN_TYPE = YES_ERROR;
				GCC_WARN_UNDECLARED_SELECTOR = YES;
				GCC_WARN_UNINITIALIZED_AUTOS = YES_AGGRESSIVE;
				GCC_WARN_UNUSED_FUNCTION = YES;
				GCC_WARN_UNUSED_VARIABLE = YES;
				IPHONEOS_DEPLOYMENT_TARGET = 14.0;
				MTL_ENABLE_DEBUG_INFO = INCLUDE_SOURCE;
				MTL_FAST_MATH = YES;
				ONLY_ACTIVE_ARCH = YES;
				SDKROOT = iphoneos;
				SWIFT_ACTIVE_COMPILATION_CONDITIONS = DEBUG;
				SWIFT_OPTIMIZATION_LEVEL = "-Onone";
			};
			name = Debug;
		};
		410861852571168400BFDA0B /* Release */ = {
			isa = XCBuildConfiguration;
			buildSettings = {
				ALWAYS_SEARCH_USER_PATHS = NO;
				CLANG_ANALYZER_NONNULL = YES;
				CLANG_ANALYZER_NUMBER_OBJECT_CONVERSION = YES_AGGRESSIVE;
				CLANG_CXX_LANGUAGE_STANDARD = "gnu++14";
				CLANG_CXX_LIBRARY = "libc++";
				CLANG_ENABLE_MODULES = YES;
				CLANG_ENABLE_OBJC_ARC = YES;
				CLANG_ENABLE_OBJC_WEAK = YES;
				CLANG_WARN_BLOCK_CAPTURE_AUTORELEASING = YES;
				CLANG_WARN_BOOL_CONVERSION = YES;
				CLANG_WARN_COMMA = YES;
				CLANG_WARN_CONSTANT_CONVERSION = YES;
				CLANG_WARN_DEPRECATED_OBJC_IMPLEMENTATIONS = YES;
				CLANG_WARN_DIRECT_OBJC_ISA_USAGE = YES_ERROR;
				CLANG_WARN_DOCUMENTATION_COMMENTS = YES;
				CLANG_WARN_EMPTY_BODY = YES;
				CLANG_WARN_ENUM_CONVERSION = YES;
				CLANG_WARN_INFINITE_RECURSION = YES;
				CLANG_WARN_INT_CONVERSION = YES;
				CLANG_WARN_NON_LITERAL_NULL_CONVERSION = YES;
				CLANG_WARN_OBJC_IMPLICIT_RETAIN_SELF = YES;
				CLANG_WARN_OBJC_LITERAL_CONVERSION = YES;
				CLANG_WARN_OBJC_ROOT_CLASS = YES_ERROR;
				CLANG_WARN_QUOTED_INCLUDE_IN_FRAMEWORK_HEADER = YES;
				CLANG_WARN_RANGE_LOOP_ANALYSIS = YES;
				CLANG_WARN_STRICT_PROTOTYPES = YES;
				CLANG_WARN_SUSPICIOUS_MOVE = YES;
				CLANG_WARN_UNGUARDED_AVAILABILITY = YES_AGGRESSIVE;
				CLANG_WARN_UNREACHABLE_CODE = YES;
				CLANG_WARN__DUPLICATE_METHOD_MATCH = YES;
				COPY_PHASE_STRIP = NO;
				DEBUG_INFORMATION_FORMAT = "dwarf-with-dsym";
				ENABLE_NS_ASSERTIONS = NO;
				ENABLE_STRICT_OBJC_MSGSEND = YES;
				GCC_C_LANGUAGE_STANDARD = gnu11;
				GCC_NO_COMMON_BLOCKS = YES;
				GCC_WARN_64_TO_32_BIT_CONVERSION = YES;
				GCC_WARN_ABOUT_RETURN_TYPE = YES_ERROR;
				GCC_WARN_UNDECLARED_SELECTOR = YES;
				GCC_WARN_UNINITIALIZED_AUTOS = YES_AGGRESSIVE;
				GCC_WARN_UNUSED_FUNCTION = YES;
				GCC_WARN_UNUSED_VARIABLE = YES;
				IPHONEOS_DEPLOYMENT_TARGET = 14.0;
				MTL_ENABLE_DEBUG_INFO = NO;
				MTL_FAST_MATH = YES;
				SDKROOT = iphoneos;
				SWIFT_COMPILATION_MODE = wholemodule;
				SWIFT_OPTIMIZATION_LEVEL = "-O";
				VALIDATE_PRODUCT = YES;
			};
			name = Release;
		};
		410861872571168400BFDA0B /* Debug */ = {
			isa = XCBuildConfiguration;
			buildSettings = {
				ASSETCATALOG_COMPILER_APPICON_NAME = AppIcon;
				ASSETCATALOG_COMPILER_GLOBAL_ACCENT_COLOR_NAME = AccentColor;
				CODE_SIGN_STYLE = Automatic;
				DEVELOPMENT_ASSET_PATHS = "\"EjemplosSwiftUI/Preview Content\"";
				DEVELOPMENT_TEAM = RSEH385M54;
				ENABLE_PREVIEWS = YES;
				INFOPLIST_FILE = EjemplosSwiftUI/Info.plist;
				IPHONEOS_DEPLOYMENT_TARGET = 14.0;
				LD_RUNPATH_SEARCH_PATHS = (
					"$(inherited)",
					"@executable_path/Frameworks",
				);
				PRODUCT_BUNDLE_IDENTIFIER = com.jaureguialzo.EjemplosSwiftUI;
				PRODUCT_NAME = "$(TARGET_NAME)";
				SWIFT_VERSION = 5.0;
				TARGETED_DEVICE_FAMILY = "1,2";
			};
			name = Debug;
		};
		410861882571168400BFDA0B /* Release */ = {
			isa = XCBuildConfiguration;
			buildSettings = {
				ASSETCATALOG_COMPILER_APPICON_NAME = AppIcon;
				ASSETCATALOG_COMPILER_GLOBAL_ACCENT_COLOR_NAME = AccentColor;
				CODE_SIGN_STYLE = Automatic;
				DEVELOPMENT_ASSET_PATHS = "\"EjemplosSwiftUI/Preview Content\"";
				DEVELOPMENT_TEAM = RSEH385M54;
				ENABLE_PREVIEWS = YES;
				INFOPLIST_FILE = EjemplosSwiftUI/Info.plist;
				IPHONEOS_DEPLOYMENT_TARGET = 14.0;
				LD_RUNPATH_SEARCH_PATHS = (
					"$(inherited)",
					"@executable_path/Frameworks",
				);
				PRODUCT_BUNDLE_IDENTIFIER = com.jaureguialzo.EjemplosSwiftUI;
				PRODUCT_NAME = "$(TARGET_NAME)";
				SWIFT_VERSION = 5.0;
				TARGETED_DEVICE_FAMILY = "1,2";
			};
			name = Release;
		};
/* End XCBuildConfiguration section */

/* Begin XCConfigurationList section */
		410861722571168400BFDA0B /* Build configuration list for PBXProject "EjemplosSwiftUI" */ = {
			isa = XCConfigurationList;
			buildConfigurations = (
				410861842571168400BFDA0B /* Debug */,
				410861852571168400BFDA0B /* Release */,
			);
			defaultConfigurationIsVisible = 0;
			defaultConfigurationName = Release;
		};
		410861862571168400BFDA0B /* Build configuration list for PBXNativeTarget "EjemplosSwiftUI" */ = {
			isa = XCConfigurationList;
			buildConfigurations = (
				410861872571168400BFDA0B /* Debug */,
				410861882571168400BFDA0B /* Release */,
			);
			defaultConfigurationIsVisible = 0;
			defaultConfigurationName = Release;
		};
/* End XCConfigurationList section */
	};
	rootObject = 4108616F2571168400BFDA0B /* Project object */;
}
